
Microsoft Visual Studio Solution File, Format Version 12.00
# Visual Studio Version 17
VisualStudioVersion = 17.11.35312.102
MinimumVisualStudioVersion = 10.0.40219.1
Project("{FAE04EC0-301F-11D3-BF4B-00C04F79EFBC}") = "ok2", "ok2\ok2.csproj", "{CF12F1DF-EB50-4EF5-9292-FFBCD9464FE2}"
EndProject
Global
	GlobalSection(SolutionConfigurationPlatforms) = preSolution
		Debug|Any CPU = Debug|Any CPU
		Release|Any CPU = Release|Any CPU
	EndGlobalSection
	GlobalSection(ProjectConfigurationPlatforms) = postSolution
		{CF12F1DF-EB50-4EF5-9292-FFBCD9464FE2}.Debug|Any CPU.ActiveCfg = Debug|Any CPU
		{CF12F1DF-EB50-4EF5-9292-FFBCD9464FE2}.Debug|Any CPU.Build.0 = Debug|Any CPU
		{CF12F1DF-EB50-4EF5-9292-FFBCD9464FE2}.Release|Any CPU.ActiveCfg = Release|Any CPU
		{CF12F1DF-EB50-4EF5-9292-FFBCD9464FE2}.Release|Any CPU.Build.0 = Release|Any CPU
	EndGlobalSection
	GlobalSection(SolutionProperties) = preSolution
		HideSolutionNode = FALSE
	EndGlobalSection
	GlobalSection(ExtensibilityGlobals) = postSolution
		SolutionGuid = {54CD255B-00AA-4756-9A87-7DE273D80BE8}
	EndGlobalSection
EndGlobal
